
Microsoft Visual Studio Solution File, Format Version 12.00
# Visual Studio Version 17
VisualStudioVersion = 17.4.33213.308
MinimumVisualStudioVersion = 10.0.40219.1
Project("{FAE04EC0-301F-11D3-BF4B-00C04F79EFBC}") = "DependencyInjection", "DependencyInjection\DependencyInjection.csproj", "{6F83CB03-5C2F-495E-B9CD-71857C5A2348}"
EndProject
Global
	GlobalSection(SolutionConfigurationPlatforms) = preSolution
		Debug|Any CPU = Debug|Any CPU
		Release|Any CPU = Release|Any CPU
	EndGlobalSection
	GlobalSection(ProjectConfigurationPlatforms) = postSolution
		{6F83CB03-5C2F-495E-B9CD-71857C5A2348}.Debug|Any CPU.ActiveCfg = Debug|Any CPU
		{6F83CB03-5C2F-495E-B9CD-71857C5A2348}.Debug|Any CPU.Build.0 = Debug|Any CPU
		{6F83CB03-5C2F-495E-B9CD-71857C5A2348}.Release|Any CPU.ActiveCfg = Release|Any CPU
		{6F83CB03-5C2F-495E-B9CD-71857C5A2348}.Release|Any CPU.Build.0 = Release|Any CPU
	EndGlobalSection
	GlobalSection(SolutionProperties) = preSolution
		HideSolutionNode = FALSE
	EndGlobalSection
	GlobalSection(ExtensibilityGlobals) = postSolution
		SolutionGuid = {9F26B4F7-8FE2-454C-958D-CC8542E08CEF}
	EndGlobalSection
EndGlobal
